
Microsoft Visual Studio Solution File, Format Version 12.00
# Visual Studio Version 16
VisualStudioVersion = 16.0.31729.503
MinimumVisualStudioVersion = 10.0.40219.1
Project("{FAE04EC0-301F-11D3-BF4B-00C04F79EFBC}") = "CollectionGenerator", "CollectionGenerator\CollectionGenerator.csproj", "{BAB42D6D-9E1A-41BE-B320-2794449F7092}"
EndProject
Global
	GlobalSection(SolutionConfigurationPlatforms) = preSolution
		Debug|Any CPU = Debug|Any CPU
		Release|Any CPU = Release|Any CPU
	EndGlobalSection
	GlobalSection(ProjectConfigurationPlatforms) = postSolution
		{BAB42D6D-9E1A-41BE-B320-2794449F7092}.Debug|Any CPU.ActiveCfg = Debug|Any CPU
		{BAB42D6D-9E1A-41BE-B320-2794449F7092}.Debug|Any CPU.Build.0 = Debug|Any CPU
		{BAB42D6D-9E1A-41BE-B320-2794449F7092}.Release|Any CPU.ActiveCfg = Release|Any CPU
		{BAB42D6D-9E1A-41BE-B320-2794449F7092}.Release|Any CPU.Build.0 = Release|Any CPU
	EndGlobalSection
	GlobalSection(SolutionProperties) = preSolution
		HideSolutionNode = FALSE
	EndGlobalSection
	GlobalSection(ExtensibilityGlobals) = postSolution
		SolutionGuid = {70810055-94D9-475A-B966-1FD2FF22E792}
	EndGlobalSection
EndGlobal
